
Microsoft Visual Studio Solution File, Format Version 12.00
# Visual Studio 15
Project("{FAE04EC0-301F-11D3-BF4B-00C04F79EFBC}") = "Assembly-CSharp", "Assembly-CSharp.csproj", "{D7FD2BAF-7CE9-39FA-30CF-B24AE5197EBE}"
EndProject
Project("{FAE04EC0-301F-11D3-BF4B-00C04F79EFBC}") = "Assembly-CSharp-Editor", "Assembly-CSharp-Editor.csproj", "{EB0B6020-DE61-6035-2FD9-DDC8ED3B80EC}"
EndProject
Global
	GlobalSection(SolutionConfigurationPlatforms) = preSolution
		Debug|Any CPU = Debug|Any CPU
		Release|Any CPU = Release|Any CPU
	EndGlobalSection
	GlobalSection(ProjectConfigurationPlatforms) = postSolution
		{D7FD2BAF-7CE9-39FA-30CF-B24AE5197EBE}.Debug|Any CPU.ActiveCfg = Debug|Any CPU
		{D7FD2BAF-7CE9-39FA-30CF-B24AE5197EBE}.Debug|Any CPU.Build.0 = Debug|Any CPU
		{D7FD2BAF-7CE9-39FA-30CF-B24AE5197EBE}.Release|Any CPU.ActiveCfg = Release|Any CPU
		{D7FD2BAF-7CE9-39FA-30CF-B24AE5197EBE}.Release|Any CPU.Build.0 = Release|Any CPU
		{EB0B6020-DE61-6035-2FD9-DDC8ED3B80EC}.Debug|Any CPU.ActiveCfg = Debug|Any CPU
		{EB0B6020-DE61-6035-2FD9-DDC8ED3B80EC}.Debug|Any CPU.Build.0 = Debug|Any CPU
		{EB0B6020-DE61-6035-2FD9-DDC8ED3B80EC}.Release|Any CPU.ActiveCfg = Release|Any CPU
		{EB0B6020-DE61-6035-2FD9-DDC8ED3B80EC}.Release|Any CPU.Build.0 = Release|Any CPU
	EndGlobalSection
	GlobalSection(SolutionProperties) = preSolution
		HideSolutionNode = FALSE
	EndGlobalSection
EndGlobal
